
Microsoft Visual Studio Solution File, Format Version 12.00
# Visual Studio 15
VisualStudioVersion = 15.0.27004.2006
MinimumVisualStudioVersion = 10.0.40219.1
Project("{FAE04EC0-301F-11D3-BF4B-00C04F79EFBC}") = "Стохастический Осциллятор", "Стохастический Осциллятор\Стохастический Осциллятор.csproj", "{A017ECEC-9D6D-4F3C-B072-873A07B27483}"
EndProject
Project("{FAE04EC0-301F-11D3-BF4B-00C04F79EFBC}") = "Наилучшая модель для прогнозирования", "Наилучшая модель для прогнозирования\Наилучшая модель для прогнозирования.csproj", "{786948EF-290D-43BC-A8D8-818A70A0D7C2}"
EndProject
Global
	GlobalSection(SolutionConfigurationPlatforms) = preSolution
		Debug|Any CPU = Debug|Any CPU
		Release|Any CPU = Release|Any CPU
	EndGlobalSection
	GlobalSection(ProjectConfigurationPlatforms) = postSolution
		{A017ECEC-9D6D-4F3C-B072-873A07B27483}.Debug|Any CPU.ActiveCfg = Debug|Any CPU
		{A017ECEC-9D6D-4F3C-B072-873A07B27483}.Debug|Any CPU.Build.0 = Debug|Any CPU
		{A017ECEC-9D6D-4F3C-B072-873A07B27483}.Release|Any CPU.ActiveCfg = Release|Any CPU
		{A017ECEC-9D6D-4F3C-B072-873A07B27483}.Release|Any CPU.Build.0 = Release|Any CPU
		{786948EF-290D-43BC-A8D8-818A70A0D7C2}.Debug|Any CPU.ActiveCfg = Debug|Any CPU
		{786948EF-290D-43BC-A8D8-818A70A0D7C2}.Debug|Any CPU.Build.0 = Debug|Any CPU
		{786948EF-290D-43BC-A8D8-818A70A0D7C2}.Release|Any CPU.ActiveCfg = Release|Any CPU
		{786948EF-290D-43BC-A8D8-818A70A0D7C2}.Release|Any CPU.Build.0 = Release|Any CPU
	EndGlobalSection
	GlobalSection(SolutionProperties) = preSolution
		HideSolutionNode = FALSE
	EndGlobalSection
	GlobalSection(ExtensibilityGlobals) = postSolution
		SolutionGuid = {73E53AE9-B6E6-4F5F-89C5-E1F6DDF08586}
	EndGlobalSection
EndGlobal
